
Microsoft Visual Studio Solution File, Format Version 12.00
# Visual Studio Version 17
VisualStudioVersion = 17.3.32901.215
MinimumVisualStudioVersion = 10.0.40219.1
Project("{FAE04EC0-301F-11D3-BF4B-00C04F79EFBC}") = "Portafolio", "Portafolio\Portafolio.csproj", "{CED79967-80EC-43D5-B87F-EF613D20257D}"
EndProject
Global
	GlobalSection(SolutionConfigurationPlatforms) = preSolution
		Debug|Any CPU = Debug|Any CPU
		Release|Any CPU = Release|Any CPU
	EndGlobalSection
	GlobalSection(ProjectConfigurationPlatforms) = postSolution
		{CED79967-80EC-43D5-B87F-EF613D20257D}.Debug|Any CPU.ActiveCfg = Debug|Any CPU
		{CED79967-80EC-43D5-B87F-EF613D20257D}.Debug|Any CPU.Build.0 = Debug|Any CPU
		{CED79967-80EC-43D5-B87F-EF613D20257D}.Release|Any CPU.ActiveCfg = Release|Any CPU
		{CED79967-80EC-43D5-B87F-EF613D20257D}.Release|Any CPU.Build.0 = Release|Any CPU
	EndGlobalSection
	GlobalSection(SolutionProperties) = preSolution
		HideSolutionNode = FALSE
	EndGlobalSection
	GlobalSection(ExtensibilityGlobals) = postSolution
		SolutionGuid = {3FC0F6E5-C7A8-463A-A0F6-F7CB71DC615D}
	EndGlobalSection
EndGlobal
