
Microsoft Visual Studio Solution File, Format Version 12.00
# Visual Studio Version 17
VisualStudioVersion = 17.4.33103.184
MinimumVisualStudioVersion = 10.0.40219.1
Project("{9A19103F-16F7-4668-BE54-9A1E7A4F7556}") = "ManejoPresupuesto", "ManejoPresupuesto\ManejoPresupuesto.csproj", "{1D5FC8E0-694A-4560-A0E7-3F3FCC17FE4D}"
EndProject
Global
	GlobalSection(SolutionConfigurationPlatforms) = preSolution
		Debug|Any CPU = Debug|Any CPU
		Release|Any CPU = Release|Any CPU
	EndGlobalSection
	GlobalSection(ProjectConfigurationPlatforms) = postSolution
		{1D5FC8E0-694A-4560-A0E7-3F3FCC17FE4D}.Debug|Any CPU.ActiveCfg = Debug|Any CPU
		{1D5FC8E0-694A-4560-A0E7-3F3FCC17FE4D}.Debug|Any CPU.Build.0 = Debug|Any CPU
		{1D5FC8E0-694A-4560-A0E7-3F3FCC17FE4D}.Release|Any CPU.ActiveCfg = Release|Any CPU
		{1D5FC8E0-694A-4560-A0E7-3F3FCC17FE4D}.Release|Any CPU.Build.0 = Release|Any CPU
	EndGlobalSection
	GlobalSection(SolutionProperties) = preSolution
		HideSolutionNode = FALSE
	EndGlobalSection
	GlobalSection(ExtensibilityGlobals) = postSolution
		SolutionGuid = {A40B55A5-79CE-4381-A710-34CAFFF4BBC6}
	EndGlobalSection
EndGlobal
